<Solution>
  <Folder Name="/src/">
    <Project Path="src/Kairos.AppHost/Kairos.AppHost.csproj" />
    <Project Path="src/Kairos.Application/Kairos.Application.csproj" />
    <Project Path="src/Kairos.Domain/Kairos.Domain.csproj" />
    <Project Path="src/Kairos.Infrastructure/Kairos.Infrastructure.csproj" />
    <Project Path="src/Kairos.ServiceDefaults/Kairos.ServiceDefaults.csproj" />
    <Project Path="src/Kairos.Web/Kairos.Web.csproj" />
  </Folder>
  <Folder Name="/tests/">
    <Project Path="tests/Kairos.AppTests/Kairos.AppTests.csproj" />
    <Project Path="tests/Kairos.IntegrationTests/Kairos.IntegrationTests.csproj" />
    <Project Path="tests/Kairos.UnitTests/Kairos.UnitTests.csproj" />
  </Folder>
</Solution>
